
Microsoft Visual Studio Solution File, Format Version 12.00
# Visual Studio Version 17
VisualStudioVersion = 17.14.36301.6 d17.14
MinimumVisualStudioVersion = 10.0.40219.1
Project("{FAE04EC0-301F-11D3-BF4B-00C04F79EFBC}") = "loginUser", "loginUser\loginUser.csproj", "{878EB6D0-26D7-4595-A50A-E0F37A29A8A1}"
EndProject
Global
	GlobalSection(SolutionConfigurationPlatforms) = preSolution
		Debug|Any CPU = Debug|Any CPU
		Release|Any CPU = Release|Any CPU
	EndGlobalSection
	GlobalSection(ProjectConfigurationPlatforms) = postSolution
		{878EB6D0-26D7-4595-A50A-E0F37A29A8A1}.Debug|Any CPU.ActiveCfg = Debug|Any CPU
		{878EB6D0-26D7-4595-A50A-E0F37A29A8A1}.Debug|Any CPU.Build.0 = Debug|Any CPU
		{878EB6D0-26D7-4595-A50A-E0F37A29A8A1}.Release|Any CPU.ActiveCfg = Release|Any CPU
		{878EB6D0-26D7-4595-A50A-E0F37A29A8A1}.Release|Any CPU.Build.0 = Release|Any CPU
	EndGlobalSection
	GlobalSection(SolutionProperties) = preSolution
		HideSolutionNode = FALSE
	EndGlobalSection
	GlobalSection(ExtensibilityGlobals) = postSolution
		SolutionGuid = {05201585-36B1-4606-8728-CDF581AE2EBC}
	EndGlobalSection
EndGlobal
